
Microsoft Visual Studio Solution File, Format Version 12.00
# Visual Studio 15
VisualStudioVersion = 15.0.27703.2000
MinimumVisualStudioVersion = 10.0.40219.1
Project("{2150E333-8FDC-42A3-9474-1A3956D46DE8}") = "Solution Items", "Solution Items", "{F6EA3CF3-DEEC-4557-AFD9-6E9BEAEBE88D}"
	ProjectSection(SolutionItems) = preProject
		Task4.cs = Task4.cs
	EndProjectSection
EndProject
Global
	GlobalSection(SolutionProperties) = preSolution
		HideSolutionNode = FALSE
	EndGlobalSection
	GlobalSection(ExtensibilityGlobals) = postSolution
		SolutionGuid = {D29173A2-2E04-472E-B79D-F58CDDEC4070}
	EndGlobalSection
EndGlobal
