
Microsoft Visual Studio Solution File, Format Version 12.00
# Visual Studio 15
VisualStudioVersion = 15.0.27703.2035
MinimumVisualStudioVersion = 10.0.40219.1
Project("{FAE04EC0-301F-11D3-BF4B-00C04F79EFBC}") = "Dictionary", "L_05_HW_Indexators_Static\Dictionary.csproj", "{F99A5409-BB28-45D7-B8C3-DF055408E0B6}"
EndProject
Project("{FAE04EC0-301F-11D3-BF4B-00C04F79EFBC}") = "Matrix", "Matrix\Matrix.csproj", "{B1FD6B40-E4FB-42A2-B234-E3A4C0A21C44}"
EndProject
Project("{FAE04EC0-301F-11D3-BF4B-00C04F79EFBC}") = "Articles", "Articles\Articles.csproj", "{A7F5DB4F-2CA8-4C3B-A9EF-E75FC1C41A75}"
EndProject
Project("{FAE04EC0-301F-11D3-BF4B-00C04F79EFBC}") = "Calc", "Calc\Calc.csproj", "{54DC4D14-0EA4-444A-9618-65BECCB446A2}"
EndProject
Project("{FAE04EC0-301F-11D3-BF4B-00C04F79EFBC}") = "ExtensionArrSort", "ExtensionArrSort\ExtensionArrSort.csproj", "{89A4708F-4E8C-4D58-B9FF-A1FDFED737EF}"
EndProject
Global
	GlobalSection(SolutionConfigurationPlatforms) = preSolution
		Debug|Any CPU = Debug|Any CPU
		Release|Any CPU = Release|Any CPU
	EndGlobalSection
	GlobalSection(ProjectConfigurationPlatforms) = postSolution
		{F99A5409-BB28-45D7-B8C3-DF055408E0B6}.Debug|Any CPU.ActiveCfg = Debug|Any CPU
		{F99A5409-BB28-45D7-B8C3-DF055408E0B6}.Debug|Any CPU.Build.0 = Debug|Any CPU
		{F99A5409-BB28-45D7-B8C3-DF055408E0B6}.Release|Any CPU.ActiveCfg = Release|Any CPU
		{F99A5409-BB28-45D7-B8C3-DF055408E0B6}.Release|Any CPU.Build.0 = Release|Any CPU
		{B1FD6B40-E4FB-42A2-B234-E3A4C0A21C44}.Debug|Any CPU.ActiveCfg = Debug|Any CPU
		{B1FD6B40-E4FB-42A2-B234-E3A4C0A21C44}.Debug|Any CPU.Build.0 = Debug|Any CPU
		{B1FD6B40-E4FB-42A2-B234-E3A4C0A21C44}.Release|Any CPU.ActiveCfg = Release|Any CPU
		{B1FD6B40-E4FB-42A2-B234-E3A4C0A21C44}.Release|Any CPU.Build.0 = Release|Any CPU
		{A7F5DB4F-2CA8-4C3B-A9EF-E75FC1C41A75}.Debug|Any CPU.ActiveCfg = Debug|Any CPU
		{A7F5DB4F-2CA8-4C3B-A9EF-E75FC1C41A75}.Debug|Any CPU.Build.0 = Debug|Any CPU
		{A7F5DB4F-2CA8-4C3B-A9EF-E75FC1C41A75}.Release|Any CPU.ActiveCfg = Release|Any CPU
		{A7F5DB4F-2CA8-4C3B-A9EF-E75FC1C41A75}.Release|Any CPU.Build.0 = Release|Any CPU
		{54DC4D14-0EA4-444A-9618-65BECCB446A2}.Debug|Any CPU.ActiveCfg = Debug|Any CPU
		{54DC4D14-0EA4-444A-9618-65BECCB446A2}.Debug|Any CPU.Build.0 = Debug|Any CPU
		{54DC4D14-0EA4-444A-9618-65BECCB446A2}.Release|Any CPU.ActiveCfg = Release|Any CPU
		{54DC4D14-0EA4-444A-9618-65BECCB446A2}.Release|Any CPU.Build.0 = Release|Any CPU
		{89A4708F-4E8C-4D58-B9FF-A1FDFED737EF}.Debug|Any CPU.ActiveCfg = Debug|Any CPU
		{89A4708F-4E8C-4D58-B9FF-A1FDFED737EF}.Debug|Any CPU.Build.0 = Debug|Any CPU
		{89A4708F-4E8C-4D58-B9FF-A1FDFED737EF}.Release|Any CPU.ActiveCfg = Release|Any CPU
		{89A4708F-4E8C-4D58-B9FF-A1FDFED737EF}.Release|Any CPU.Build.0 = Release|Any CPU
	EndGlobalSection
	GlobalSection(SolutionProperties) = preSolution
		HideSolutionNode = FALSE
	EndGlobalSection
	GlobalSection(ExtensibilityGlobals) = postSolution
		SolutionGuid = {3FD38835-3092-4E63-B92A-0F00B49BE1E9}
	EndGlobalSection
EndGlobal
