
Microsoft Visual Studio Solution File, Format Version 12.00
# Visual Studio 15
VisualStudioVersion = 15.0.27703.2026
MinimumVisualStudioVersion = 10.0.40219.1
Project("{FAE04EC0-301F-11D3-BF4B-00C04F79EFBC}") = "DB", "DB\DB.csproj", "{04C4F331-DAB0-484C-9B08-6D92A34874C7}"
EndProject
Project("{FAE04EC0-301F-11D3-BF4B-00C04F79EFBC}") = "DB.Test", "UnitTestProject1\DB.Test.csproj", "{02B32292-022B-4F64-892F-EF45378EE4E8}"
EndProject
Project("{FAE04EC0-301F-11D3-BF4B-00C04F79EFBC}") = "ConsoleApp1", "ConsoleApp1\ConsoleApp1.csproj", "{781296D0-9A12-459F-8EE4-05653F5B3A61}"
EndProject
Global
	GlobalSection(SolutionConfigurationPlatforms) = preSolution
		Debug|Any CPU = Debug|Any CPU
		Release|Any CPU = Release|Any CPU
	EndGlobalSection
	GlobalSection(ProjectConfigurationPlatforms) = postSolution
		{04C4F331-DAB0-484C-9B08-6D92A34874C7}.Debug|Any CPU.ActiveCfg = Debug|Any CPU
		{04C4F331-DAB0-484C-9B08-6D92A34874C7}.Debug|Any CPU.Build.0 = Debug|Any CPU
		{04C4F331-DAB0-484C-9B08-6D92A34874C7}.Release|Any CPU.ActiveCfg = Release|Any CPU
		{04C4F331-DAB0-484C-9B08-6D92A34874C7}.Release|Any CPU.Build.0 = Release|Any CPU
		{02B32292-022B-4F64-892F-EF45378EE4E8}.Debug|Any CPU.ActiveCfg = Debug|Any CPU
		{02B32292-022B-4F64-892F-EF45378EE4E8}.Debug|Any CPU.Build.0 = Debug|Any CPU
		{02B32292-022B-4F64-892F-EF45378EE4E8}.Release|Any CPU.ActiveCfg = Release|Any CPU
		{02B32292-022B-4F64-892F-EF45378EE4E8}.Release|Any CPU.Build.0 = Release|Any CPU
		{781296D0-9A12-459F-8EE4-05653F5B3A61}.Debug|Any CPU.ActiveCfg = Debug|Any CPU
		{781296D0-9A12-459F-8EE4-05653F5B3A61}.Debug|Any CPU.Build.0 = Debug|Any CPU
		{781296D0-9A12-459F-8EE4-05653F5B3A61}.Release|Any CPU.ActiveCfg = Release|Any CPU
		{781296D0-9A12-459F-8EE4-05653F5B3A61}.Release|Any CPU.Build.0 = Release|Any CPU
	EndGlobalSection
	GlobalSection(SolutionProperties) = preSolution
		HideSolutionNode = FALSE
	EndGlobalSection
	GlobalSection(ExtensibilityGlobals) = postSolution
		SolutionGuid = {055E8AA2-B108-436B-8A43-005E749E1270}
	EndGlobalSection
EndGlobal
