
Microsoft Visual Studio Solution File, Format Version 12.00
# Visual Studio 15
VisualStudioVersion = 15.0.27703.2000
MinimumVisualStudioVersion = 10.0.40219.1
Project("{FAE04EC0-301F-11D3-BF4B-00C04F79EFBC}") = "Task1", "Tasks\Task1.csproj", "{16162ED3-4C89-40D7-8741-AD96F140A0E4}"
EndProject
Project("{FAE04EC0-301F-11D3-BF4B-00C04F79EFBC}") = "Task2", "Task2\Task2.csproj", "{8AD6D28F-D6A2-46A8-B777-F236C541510E}"
EndProject
Project("{FAE04EC0-301F-11D3-BF4B-00C04F79EFBC}") = "Task3", "Task3\Task3.csproj", "{81F2D018-649E-4456-A209-4F62FB10B076}"
EndProject
Project("{FAE04EC0-301F-11D3-BF4B-00C04F79EFBC}") = "Task4", "Task4\Task4.csproj", "{17BF93B7-DA2F-47B2-BEC3-63123948F536}"
EndProject
Project("{FAE04EC0-301F-11D3-BF4B-00C04F79EFBC}") = "Task5", "Task5\Task5.csproj", "{F97B70B6-3EA8-4E8E-B9E9-9DB4C7BB51F9}"
EndProject
Project("{FAE04EC0-301F-11D3-BF4B-00C04F79EFBC}") = "Task6", "Task6\Task6.csproj", "{45D09ACD-EF5F-48C9-84C2-596104FF0DDA}"
EndProject
Global
	GlobalSection(SolutionConfigurationPlatforms) = preSolution
		Debug|Any CPU = Debug|Any CPU
		Release|Any CPU = Release|Any CPU
	EndGlobalSection
	GlobalSection(ProjectConfigurationPlatforms) = postSolution
		{16162ED3-4C89-40D7-8741-AD96F140A0E4}.Debug|Any CPU.ActiveCfg = Debug|Any CPU
		{16162ED3-4C89-40D7-8741-AD96F140A0E4}.Debug|Any CPU.Build.0 = Debug|Any CPU
		{16162ED3-4C89-40D7-8741-AD96F140A0E4}.Release|Any CPU.ActiveCfg = Release|Any CPU
		{16162ED3-4C89-40D7-8741-AD96F140A0E4}.Release|Any CPU.Build.0 = Release|Any CPU
		{8AD6D28F-D6A2-46A8-B777-F236C541510E}.Debug|Any CPU.ActiveCfg = Debug|Any CPU
		{8AD6D28F-D6A2-46A8-B777-F236C541510E}.Debug|Any CPU.Build.0 = Debug|Any CPU
		{8AD6D28F-D6A2-46A8-B777-F236C541510E}.Release|Any CPU.ActiveCfg = Release|Any CPU
		{8AD6D28F-D6A2-46A8-B777-F236C541510E}.Release|Any CPU.Build.0 = Release|Any CPU
		{81F2D018-649E-4456-A209-4F62FB10B076}.Debug|Any CPU.ActiveCfg = Debug|Any CPU
		{81F2D018-649E-4456-A209-4F62FB10B076}.Debug|Any CPU.Build.0 = Debug|Any CPU
		{81F2D018-649E-4456-A209-4F62FB10B076}.Release|Any CPU.ActiveCfg = Release|Any CPU
		{81F2D018-649E-4456-A209-4F62FB10B076}.Release|Any CPU.Build.0 = Release|Any CPU
		{17BF93B7-DA2F-47B2-BEC3-63123948F536}.Debug|Any CPU.ActiveCfg = Debug|Any CPU
		{17BF93B7-DA2F-47B2-BEC3-63123948F536}.Debug|Any CPU.Build.0 = Debug|Any CPU
		{17BF93B7-DA2F-47B2-BEC3-63123948F536}.Release|Any CPU.ActiveCfg = Release|Any CPU
		{17BF93B7-DA2F-47B2-BEC3-63123948F536}.Release|Any CPU.Build.0 = Release|Any CPU
		{F97B70B6-3EA8-4E8E-B9E9-9DB4C7BB51F9}.Debug|Any CPU.ActiveCfg = Debug|Any CPU
		{F97B70B6-3EA8-4E8E-B9E9-9DB4C7BB51F9}.Debug|Any CPU.Build.0 = Debug|Any CPU
		{F97B70B6-3EA8-4E8E-B9E9-9DB4C7BB51F9}.Release|Any CPU.ActiveCfg = Release|Any CPU
		{F97B70B6-3EA8-4E8E-B9E9-9DB4C7BB51F9}.Release|Any CPU.Build.0 = Release|Any CPU
		{45D09ACD-EF5F-48C9-84C2-596104FF0DDA}.Debug|Any CPU.ActiveCfg = Debug|Any CPU
		{45D09ACD-EF5F-48C9-84C2-596104FF0DDA}.Debug|Any CPU.Build.0 = Debug|Any CPU
		{45D09ACD-EF5F-48C9-84C2-596104FF0DDA}.Release|Any CPU.ActiveCfg = Release|Any CPU
		{45D09ACD-EF5F-48C9-84C2-596104FF0DDA}.Release|Any CPU.Build.0 = Release|Any CPU
	EndGlobalSection
	GlobalSection(SolutionProperties) = preSolution
		HideSolutionNode = FALSE
	EndGlobalSection
	GlobalSection(ExtensibilityGlobals) = postSolution
		SolutionGuid = {1D70B88B-5E0C-4C18-9EC0-55DFF528A7FD}
	EndGlobalSection
EndGlobal
