
Microsoft Visual Studio Solution File, Format Version 12.00
# Visual Studio 15
VisualStudioVersion = 15.0.27703.2042
MinimumVisualStudioVersion = 10.0.40219.1
Project("{FAE04EC0-301F-11D3-BF4B-00C04F79EFBC}") = "RecursThread", "RecursThread\RecursThread.csproj", "{4FBE2AC1-30A5-43F6-AF66-B075AE0FC2DA}"
EndProject
Global
	GlobalSection(SolutionConfigurationPlatforms) = preSolution
		Debug|Any CPU = Debug|Any CPU
		Release|Any CPU = Release|Any CPU
	EndGlobalSection
	GlobalSection(ProjectConfigurationPlatforms) = postSolution
		{4FBE2AC1-30A5-43F6-AF66-B075AE0FC2DA}.Debug|Any CPU.ActiveCfg = Debug|Any CPU
		{4FBE2AC1-30A5-43F6-AF66-B075AE0FC2DA}.Debug|Any CPU.Build.0 = Debug|Any CPU
		{4FBE2AC1-30A5-43F6-AF66-B075AE0FC2DA}.Release|Any CPU.ActiveCfg = Release|Any CPU
		{4FBE2AC1-30A5-43F6-AF66-B075AE0FC2DA}.Release|Any CPU.Build.0 = Release|Any CPU
	EndGlobalSection
	GlobalSection(SolutionProperties) = preSolution
		HideSolutionNode = FALSE
	EndGlobalSection
	GlobalSection(ExtensibilityGlobals) = postSolution
		SolutionGuid = {4183CAB3-752F-422B-8E55-BAD608F3A9B2}
	EndGlobalSection
EndGlobal
