
Microsoft Visual Studio Solution File, Format Version 12.00
# Visual Studio 15
VisualStudioVersion = 15.0.27703.2018
MinimumVisualStudioVersion = 10.0.40219.1
Project("{FAE04EC0-301F-11D3-BF4B-00C04F79EFBC}") = "Zadacha3", "Zadacha3\Zadacha3.csproj", "{9B4B72DF-AC3B-4B5F-BF56-7E4223F8DDC6}"
EndProject
Global
	GlobalSection(SolutionConfigurationPlatforms) = preSolution
		Debug|Any CPU = Debug|Any CPU
		Release|Any CPU = Release|Any CPU
	EndGlobalSection
	GlobalSection(ProjectConfigurationPlatforms) = postSolution
		{9B4B72DF-AC3B-4B5F-BF56-7E4223F8DDC6}.Debug|Any CPU.ActiveCfg = Debug|Any CPU
		{9B4B72DF-AC3B-4B5F-BF56-7E4223F8DDC6}.Debug|Any CPU.Build.0 = Debug|Any CPU
		{9B4B72DF-AC3B-4B5F-BF56-7E4223F8DDC6}.Release|Any CPU.ActiveCfg = Release|Any CPU
		{9B4B72DF-AC3B-4B5F-BF56-7E4223F8DDC6}.Release|Any CPU.Build.0 = Release|Any CPU
	EndGlobalSection
	GlobalSection(SolutionProperties) = preSolution
		HideSolutionNode = FALSE
	EndGlobalSection
	GlobalSection(ExtensibilityGlobals) = postSolution
		SolutionGuid = {32296F4C-CFD4-426F-AB53-AE6780BFC6CF}
	EndGlobalSection
EndGlobal
