
Microsoft Visual Studio Solution File, Format Version 12.00
# Visual Studio 15
VisualStudioVersion = 15.0.27703.2018
MinimumVisualStudioVersion = 10.0.40219.1
Project("{FAE04EC0-301F-11D3-BF4B-00C04F79EFBC}") = "Index", "Index\Index.csproj", "{36F9488C-E7F7-48DE-B17E-E557DE4A1734}"
EndProject
Project("{2150E333-8FDC-42A3-9474-1A3956D46DE8}") = "Solution Items", "Solution Items", "{54CABBA0-33AE-456C-B0BE-DD5C9DC3BE22}"
	ProjectSection(SolutionItems) = preProject
		Dictionary.cs = Dictionary.cs
	EndProjectSection
EndProject
Global
	GlobalSection(SolutionConfigurationPlatforms) = preSolution
		Debug|Any CPU = Debug|Any CPU
		Release|Any CPU = Release|Any CPU
	EndGlobalSection
	GlobalSection(ProjectConfigurationPlatforms) = postSolution
		{36F9488C-E7F7-48DE-B17E-E557DE4A1734}.Debug|Any CPU.ActiveCfg = Debug|Any CPU
		{36F9488C-E7F7-48DE-B17E-E557DE4A1734}.Debug|Any CPU.Build.0 = Debug|Any CPU
		{36F9488C-E7F7-48DE-B17E-E557DE4A1734}.Release|Any CPU.ActiveCfg = Release|Any CPU
		{36F9488C-E7F7-48DE-B17E-E557DE4A1734}.Release|Any CPU.Build.0 = Release|Any CPU
	EndGlobalSection
	GlobalSection(SolutionProperties) = preSolution
		HideSolutionNode = FALSE
	EndGlobalSection
	GlobalSection(ExtensibilityGlobals) = postSolution
		SolutionGuid = {93288257-F99F-40E8-8A26-F14046B29B01}
	EndGlobalSection
EndGlobal
