
Microsoft Visual Studio Solution File, Format Version 12.00
# Visual Studio 15
VisualStudioVersion = 15.0.27703.2026
MinimumVisualStudioVersion = 10.0.40219.1
Project("{FAE04EC0-301F-11D3-BF4B-00C04F79EFBC}") = "L_04_HW_Abstraction", "L_04_HW_Abstraction\L_04_HW_Abstraction.csproj", "{A8A06EA6-486E-4222-8D2F-1372C02B3062}"
EndProject
Global
	GlobalSection(SolutionConfigurationPlatforms) = preSolution
		Debug|Any CPU = Debug|Any CPU
		Release|Any CPU = Release|Any CPU
	EndGlobalSection
	GlobalSection(ProjectConfigurationPlatforms) = postSolution
		{A8A06EA6-486E-4222-8D2F-1372C02B3062}.Debug|Any CPU.ActiveCfg = Debug|Any CPU
		{A8A06EA6-486E-4222-8D2F-1372C02B3062}.Debug|Any CPU.Build.0 = Debug|Any CPU
		{A8A06EA6-486E-4222-8D2F-1372C02B3062}.Release|Any CPU.ActiveCfg = Release|Any CPU
		{A8A06EA6-486E-4222-8D2F-1372C02B3062}.Release|Any CPU.Build.0 = Release|Any CPU
	EndGlobalSection
	GlobalSection(SolutionProperties) = preSolution
		HideSolutionNode = FALSE
	EndGlobalSection
	GlobalSection(ExtensibilityGlobals) = postSolution
		SolutionGuid = {B85B24C7-F40A-4739-B0D6-CB70E7745D4D}
	EndGlobalSection
EndGlobal
