
Microsoft Visual Studio Solution File, Format Version 12.00
# Visual Studio 15
VisualStudioVersion = 15.0.27130.0
MinimumVisualStudioVersion = 10.0.40219.1
Project("{FAE04EC0-301F-11D3-BF4B-00C04F79EFBC}") = "SQLite_demo", "SQLite_demo\SQLite_demo.csproj", "{BF6A8B4C-E81D-4D4E-B2F9-96BA5C895508}"
EndProject
Global
	GlobalSection(SolutionConfigurationPlatforms) = preSolution
		Debug|Any CPU = Debug|Any CPU
		Release|Any CPU = Release|Any CPU
	EndGlobalSection
	GlobalSection(ProjectConfigurationPlatforms) = postSolution
		{BF6A8B4C-E81D-4D4E-B2F9-96BA5C895508}.Debug|Any CPU.ActiveCfg = Debug|Any CPU
		{BF6A8B4C-E81D-4D4E-B2F9-96BA5C895508}.Debug|Any CPU.Build.0 = Debug|Any CPU
		{BF6A8B4C-E81D-4D4E-B2F9-96BA5C895508}.Release|Any CPU.ActiveCfg = Release|Any CPU
		{BF6A8B4C-E81D-4D4E-B2F9-96BA5C895508}.Release|Any CPU.Build.0 = Release|Any CPU
	EndGlobalSection
	GlobalSection(SolutionProperties) = preSolution
		HideSolutionNode = FALSE
	EndGlobalSection
	GlobalSection(ExtensibilityGlobals) = postSolution
		SolutionGuid = {679EA06C-5B77-4B63-867B-655060976E7B}
	EndGlobalSection
EndGlobal
