
Microsoft Visual Studio Solution File, Format Version 12.00
# Visual Studio 15
VisualStudioVersion = 15.0.27703.2018
MinimumVisualStudioVersion = 10.0.40219.1
Project("{FAE04EC0-301F-11D3-BF4B-00C04F79EFBC}") = "L_02_HW_Rectangle", "L_02_HW_Encaps\L_02_HW_Rectangle.csproj", "{4CDBDBEF-1527-41F1-BFE8-55CBB15372A7}"
EndProject
Project("{FAE04EC0-301F-11D3-BF4B-00C04F79EFBC}") = "L_02_HW_Book", "L_02_HW_Book\L_02_HW_Book.csproj", "{8F17BA5A-C0A7-4ACC-BEBC-78B8F8AEBE55}"
EndProject
Project("{FAE04EC0-301F-11D3-BF4B-00C04F79EFBC}") = "L_02_HW_Figure", "L_02_HW_Figure\L_02_HW_Figure.csproj", "{97991661-E896-467D-ABEF-441D13E1F0A2}"
EndProject
Global
	GlobalSection(SolutionConfigurationPlatforms) = preSolution
		Debug|Any CPU = Debug|Any CPU
		Release|Any CPU = Release|Any CPU
	EndGlobalSection
	GlobalSection(ProjectConfigurationPlatforms) = postSolution
		{4CDBDBEF-1527-41F1-BFE8-55CBB15372A7}.Debug|Any CPU.ActiveCfg = Debug|Any CPU
		{4CDBDBEF-1527-41F1-BFE8-55CBB15372A7}.Debug|Any CPU.Build.0 = Debug|Any CPU
		{4CDBDBEF-1527-41F1-BFE8-55CBB15372A7}.Release|Any CPU.ActiveCfg = Release|Any CPU
		{4CDBDBEF-1527-41F1-BFE8-55CBB15372A7}.Release|Any CPU.Build.0 = Release|Any CPU
		{8F17BA5A-C0A7-4ACC-BEBC-78B8F8AEBE55}.Debug|Any CPU.ActiveCfg = Debug|Any CPU
		{8F17BA5A-C0A7-4ACC-BEBC-78B8F8AEBE55}.Debug|Any CPU.Build.0 = Debug|Any CPU
		{8F17BA5A-C0A7-4ACC-BEBC-78B8F8AEBE55}.Release|Any CPU.ActiveCfg = Release|Any CPU
		{8F17BA5A-C0A7-4ACC-BEBC-78B8F8AEBE55}.Release|Any CPU.Build.0 = Release|Any CPU
		{97991661-E896-467D-ABEF-441D13E1F0A2}.Debug|Any CPU.ActiveCfg = Debug|Any CPU
		{97991661-E896-467D-ABEF-441D13E1F0A2}.Debug|Any CPU.Build.0 = Debug|Any CPU
		{97991661-E896-467D-ABEF-441D13E1F0A2}.Release|Any CPU.ActiveCfg = Release|Any CPU
		{97991661-E896-467D-ABEF-441D13E1F0A2}.Release|Any CPU.Build.0 = Release|Any CPU
	EndGlobalSection
	GlobalSection(SolutionProperties) = preSolution
		HideSolutionNode = FALSE
	EndGlobalSection
	GlobalSection(ExtensibilityGlobals) = postSolution
		SolutionGuid = {66ADB1C5-901C-43A0-A0FD-575B65483BE0}
	EndGlobalSection
EndGlobal
