
Microsoft Visual Studio Solution File, Format Version 12.00
# Visual Studio 15
VisualStudioVersion = 15.0.27703.2000
MinimumVisualStudioVersion = 10.0.40219.1
Project("{FAE04EC0-301F-11D3-BF4B-00C04F79EFBC}") = "CW_07_4_5_10", "CW_07_4_5_10\CW_07_4_5_10.csproj", "{06FBA8FD-FB15-41B7-8328-21021CFF5DA4}"
EndProject
Global
	GlobalSection(SolutionConfigurationPlatforms) = preSolution
		Debug|Any CPU = Debug|Any CPU
		Release|Any CPU = Release|Any CPU
	EndGlobalSection
	GlobalSection(ProjectConfigurationPlatforms) = postSolution
		{06FBA8FD-FB15-41B7-8328-21021CFF5DA4}.Debug|Any CPU.ActiveCfg = Debug|Any CPU
		{06FBA8FD-FB15-41B7-8328-21021CFF5DA4}.Debug|Any CPU.Build.0 = Debug|Any CPU
		{06FBA8FD-FB15-41B7-8328-21021CFF5DA4}.Release|Any CPU.ActiveCfg = Release|Any CPU
		{06FBA8FD-FB15-41B7-8328-21021CFF5DA4}.Release|Any CPU.Build.0 = Release|Any CPU
	EndGlobalSection
	GlobalSection(SolutionProperties) = preSolution
		HideSolutionNode = FALSE
	EndGlobalSection
	GlobalSection(ExtensibilityGlobals) = postSolution
		SolutionGuid = {3BB76F80-8070-448D-A792-31EFA058213F}
	EndGlobalSection
EndGlobal
