
Microsoft Visual Studio Solution File, Format Version 12.00
# Visual Studio 15
VisualStudioVersion = 15.0.27703.2018
MinimumVisualStudioVersion = 10.0.40219.1
Project("{FAE04EC0-301F-11D3-BF4B-00C04F79EFBC}") = "Task5", "Task5\Task5.csproj", "{E78E5DAC-34D3-4D6C-918F-E74C19E44D3D}"
EndProject
Global
	GlobalSection(SolutionConfigurationPlatforms) = preSolution
		Debug|Any CPU = Debug|Any CPU
		Release|Any CPU = Release|Any CPU
	EndGlobalSection
	GlobalSection(ProjectConfigurationPlatforms) = postSolution
		{E78E5DAC-34D3-4D6C-918F-E74C19E44D3D}.Debug|Any CPU.ActiveCfg = Debug|Any CPU
		{E78E5DAC-34D3-4D6C-918F-E74C19E44D3D}.Debug|Any CPU.Build.0 = Debug|Any CPU
		{E78E5DAC-34D3-4D6C-918F-E74C19E44D3D}.Release|Any CPU.ActiveCfg = Release|Any CPU
		{E78E5DAC-34D3-4D6C-918F-E74C19E44D3D}.Release|Any CPU.Build.0 = Release|Any CPU
	EndGlobalSection
	GlobalSection(SolutionProperties) = preSolution
		HideSolutionNode = FALSE
	EndGlobalSection
	GlobalSection(ExtensibilityGlobals) = postSolution
		SolutionGuid = {A37BAEA1-EE23-4FE2-BD33-74556809983D}
	EndGlobalSection
EndGlobal
