
Microsoft Visual Studio Solution File, Format Version 12.00
# Visual Studio 15
VisualStudioVersion = 15.0.27703.2018
MinimumVisualStudioVersion = 10.0.40219.1
Project("{FAE04EC0-301F-11D3-BF4B-00C04F79EFBC}") = "BlueTeam", "BlueTeam\BlueTeam.csproj", "{81A3219B-69BC-4AEB-951F-2DDB759A3C6F}"
EndProject
Global
	GlobalSection(SolutionConfigurationPlatforms) = preSolution
		Debug|Any CPU = Debug|Any CPU
		Release|Any CPU = Release|Any CPU
	EndGlobalSection
	GlobalSection(ProjectConfigurationPlatforms) = postSolution
		{81A3219B-69BC-4AEB-951F-2DDB759A3C6F}.Debug|Any CPU.ActiveCfg = Debug|Any CPU
		{81A3219B-69BC-4AEB-951F-2DDB759A3C6F}.Debug|Any CPU.Build.0 = Debug|Any CPU
		{81A3219B-69BC-4AEB-951F-2DDB759A3C6F}.Release|Any CPU.ActiveCfg = Release|Any CPU
		{81A3219B-69BC-4AEB-951F-2DDB759A3C6F}.Release|Any CPU.Build.0 = Release|Any CPU
	EndGlobalSection
	GlobalSection(SolutionProperties) = preSolution
		HideSolutionNode = FALSE
	EndGlobalSection
	GlobalSection(ExtensibilityGlobals) = postSolution
		SolutionGuid = {92C767A9-4E19-46E8-B6E7-AB19B84A1AE1}
	EndGlobalSection
EndGlobal
