
Microsoft Visual Studio Solution File, Format Version 12.00
# Visual Studio 15
VisualStudioVersion = 15.0.27703.2000
MinimumVisualStudioVersion = 10.0.40219.1
Project("{FAE04EC0-301F-11D3-BF4B-00C04F79EFBC}") = "HW_02", "HW_02\HW_02.csproj", "{29B71928-E48A-42E9-9F3B-3533B2D5AE02}"
EndProject
Global
	GlobalSection(SolutionConfigurationPlatforms) = preSolution
		Debug|Any CPU = Debug|Any CPU
		Release|Any CPU = Release|Any CPU
	EndGlobalSection
	GlobalSection(ProjectConfigurationPlatforms) = postSolution
		{29B71928-E48A-42E9-9F3B-3533B2D5AE02}.Debug|Any CPU.ActiveCfg = Debug|Any CPU
		{29B71928-E48A-42E9-9F3B-3533B2D5AE02}.Debug|Any CPU.Build.0 = Debug|Any CPU
		{29B71928-E48A-42E9-9F3B-3533B2D5AE02}.Release|Any CPU.ActiveCfg = Release|Any CPU
		{29B71928-E48A-42E9-9F3B-3533B2D5AE02}.Release|Any CPU.Build.0 = Release|Any CPU
	EndGlobalSection
	GlobalSection(SolutionProperties) = preSolution
		HideSolutionNode = FALSE
	EndGlobalSection
	GlobalSection(ExtensibilityGlobals) = postSolution
		SolutionGuid = {DCFFA506-C59B-418D-A1D1-28A189C78E3E}
	EndGlobalSection
EndGlobal
