
Microsoft Visual Studio Solution File, Format Version 12.00
# Visual Studio 15
VisualStudioVersion = 15.0.27703.2026
MinimumVisualStudioVersion = 10.0.40219.1
Project("{FAE04EC0-301F-11D3-BF4B-00C04F79EFBC}") = "HW006", "HW006\HW006.csproj", "{B44F86EE-480A-4E12-AF9E-AA35081397CD}"
EndProject
Global
	GlobalSection(SolutionConfigurationPlatforms) = preSolution
		Debug|Any CPU = Debug|Any CPU
		Release|Any CPU = Release|Any CPU
	EndGlobalSection
	GlobalSection(ProjectConfigurationPlatforms) = postSolution
		{B44F86EE-480A-4E12-AF9E-AA35081397CD}.Debug|Any CPU.ActiveCfg = Debug|Any CPU
		{B44F86EE-480A-4E12-AF9E-AA35081397CD}.Debug|Any CPU.Build.0 = Debug|Any CPU
		{B44F86EE-480A-4E12-AF9E-AA35081397CD}.Release|Any CPU.ActiveCfg = Release|Any CPU
		{B44F86EE-480A-4E12-AF9E-AA35081397CD}.Release|Any CPU.Build.0 = Release|Any CPU
	EndGlobalSection
	GlobalSection(SolutionProperties) = preSolution
		HideSolutionNode = FALSE
	EndGlobalSection
	GlobalSection(ExtensibilityGlobals) = postSolution
		SolutionGuid = {659B04A1-0936-44F6-A3C4-A7B95E6A45E2}
	EndGlobalSection
EndGlobal
