
Microsoft Visual Studio Solution File, Format Version 12.00
# Visual Studio 15
VisualStudioVersion = 15.0.27703.2018
MinimumVisualStudioVersion = 10.0.40219.1
Project("{FAE04EC0-301F-11D3-BF4B-00C04F79EFBC}") = "MatrixReload", "MatrixReload\MatrixReload.csproj", "{7A2953E5-60AD-474A-8676-BEA9A838F3BD}"
EndProject
Global
	GlobalSection(SolutionConfigurationPlatforms) = preSolution
		Debug|Any CPU = Debug|Any CPU
		Release|Any CPU = Release|Any CPU
	EndGlobalSection
	GlobalSection(ProjectConfigurationPlatforms) = postSolution
		{7A2953E5-60AD-474A-8676-BEA9A838F3BD}.Debug|Any CPU.ActiveCfg = Debug|Any CPU
		{7A2953E5-60AD-474A-8676-BEA9A838F3BD}.Debug|Any CPU.Build.0 = Debug|Any CPU
		{7A2953E5-60AD-474A-8676-BEA9A838F3BD}.Release|Any CPU.ActiveCfg = Release|Any CPU
		{7A2953E5-60AD-474A-8676-BEA9A838F3BD}.Release|Any CPU.Build.0 = Release|Any CPU
	EndGlobalSection
	GlobalSection(SolutionProperties) = preSolution
		HideSolutionNode = FALSE
	EndGlobalSection
	GlobalSection(ExtensibilityGlobals) = postSolution
		SolutionGuid = {EF8DB81E-6DA0-449E-AB65-6D98E93A5A40}
	EndGlobalSection
EndGlobal
