
Microsoft Visual Studio Solution File, Format Version 12.00
# Visual Studio 15
VisualStudioVersion = 15.0.27703.2018
MinimumVisualStudioVersion = 10.0.40219.1
Project("{FAE04EC0-301F-11D3-BF4B-00C04F79EFBC}") = "L_03_HW_Website_Hierarchy", "L_03_HW_Website_Hierarchy\L_03_HW_Website_Hierarchy.csproj", "{4072098A-3B5C-47E8-8807-6BC4659B9310}"
EndProject
Global
	GlobalSection(SolutionConfigurationPlatforms) = preSolution
		Debug|Any CPU = Debug|Any CPU
		Release|Any CPU = Release|Any CPU
	EndGlobalSection
	GlobalSection(ProjectConfigurationPlatforms) = postSolution
		{4072098A-3B5C-47E8-8807-6BC4659B9310}.Debug|Any CPU.ActiveCfg = Debug|Any CPU
		{4072098A-3B5C-47E8-8807-6BC4659B9310}.Debug|Any CPU.Build.0 = Debug|Any CPU
		{4072098A-3B5C-47E8-8807-6BC4659B9310}.Release|Any CPU.ActiveCfg = Release|Any CPU
		{4072098A-3B5C-47E8-8807-6BC4659B9310}.Release|Any CPU.Build.0 = Release|Any CPU
	EndGlobalSection
	GlobalSection(SolutionProperties) = preSolution
		HideSolutionNode = FALSE
	EndGlobalSection
	GlobalSection(ExtensibilityGlobals) = postSolution
		SolutionGuid = {12285B4B-99F0-447A-8D7A-D8AD53EC1D4D}
	EndGlobalSection
EndGlobal
