
Microsoft Visual Studio Solution File, Format Version 12.00
# Visual Studio 15
VisualStudioVersion = 15.0.27130.2010
MinimumVisualStudioVersion = 10.0.40219.1
Project("{FAE04EC0-301F-11D3-BF4B-00C04F79EFBC}") = "01_Encapsulation", "01_Encapsulation\01_Encapsulation.csproj", "{0E3AE124-B614-4C2D-9FE4-C81E3EE1F745}"
EndProject
Project("{FAE04EC0-301F-11D3-BF4B-00C04F79EFBC}") = "02_Encapsulation", "02_Encapsulation\02_Encapsulation.csproj", "{BE2E4AA6-D555-4823-8532-C55728AFF6F6}"
EndProject
Project("{FAE04EC0-301F-11D3-BF4B-00C04F79EFBC}") = "03_Constructors", "01_Constructors\03_Constructors.csproj", "{034AE9D6-10EC-4A49-A6DF-F3BBFBBDBD6A}"
EndProject
Project("{FAE04EC0-301F-11D3-BF4B-00C04F79EFBC}") = "04_Constructors", "02_Constructors\04_Constructors.csproj", "{6BC08D6B-A102-445B-BAF3-8F01017E68F1}"
EndProject
Project("{FAE04EC0-301F-11D3-BF4B-00C04F79EFBC}") = "05_Constructors", "05_Constructors\05_Constructors.csproj", "{4CD8AEF1-5C1F-48C3-8CBF-EF190E647259}"
EndProject
Project("{FAE04EC0-301F-11D3-BF4B-00C04F79EFBC}") = "06_Inheritance", "06_Inheritance\06_Inheritance.csproj", "{1A66A192-1DE7-43E6-80FB-286DBECEFE61}"
EndProject
Project("{FAE04EC0-301F-11D3-BF4B-00C04F79EFBC}") = "07_Inheritance", "07_Inheritance\07_Inheritance.csproj", "{B09431E4-CFDE-4CCC-964B-BFCD7B5BE63D}"
EndProject
Project("{FAE04EC0-301F-11D3-BF4B-00C04F79EFBC}") = "08_Polymorphism", "08_Inheritance\08_Polymorphism.csproj", "{46BA8CF9-CC76-418F-8597-E989AE13D6C8}"
EndProject
Project("{FAE04EC0-301F-11D3-BF4B-00C04F79EFBC}") = "09_Polymorphism", "09_Polymorphism\09_Polymorphism.csproj", "{CF9BB4B3-6816-4422-832D-ECE1A0594E4D}"
EndProject
Project("{FAE04EC0-301F-11D3-BF4B-00C04F79EFBC}") = "10_Polymorphism", "10_Polymorphism\10_Polymorphism.csproj", "{64A4065C-EABB-4727-8F6F-1E7EE27118C4}"
EndProject
Project("{FAE04EC0-301F-11D3-BF4B-00C04F79EFBC}") = "11_IsAs", "11_IsAs\11_IsAs.csproj", "{A14257F3-4778-40A7-BE6C-16E650881AF2}"
EndProject
Project("{FAE04EC0-301F-11D3-BF4B-00C04F79EFBC}") = "12_Example", "12_Example\12_Example.csproj", "{77C94AED-75F3-40DB-903B-AE9917FEED7C}"
EndProject
Global
	GlobalSection(SolutionConfigurationPlatforms) = preSolution
		Debug|Any CPU = Debug|Any CPU
		Release|Any CPU = Release|Any CPU
	EndGlobalSection
	GlobalSection(ProjectConfigurationPlatforms) = postSolution
		{0E3AE124-B614-4C2D-9FE4-C81E3EE1F745}.Debug|Any CPU.ActiveCfg = Debug|Any CPU
		{0E3AE124-B614-4C2D-9FE4-C81E3EE1F745}.Debug|Any CPU.Build.0 = Debug|Any CPU
		{0E3AE124-B614-4C2D-9FE4-C81E3EE1F745}.Release|Any CPU.ActiveCfg = Release|Any CPU
		{0E3AE124-B614-4C2D-9FE4-C81E3EE1F745}.Release|Any CPU.Build.0 = Release|Any CPU
		{BE2E4AA6-D555-4823-8532-C55728AFF6F6}.Debug|Any CPU.ActiveCfg = Debug|Any CPU
		{BE2E4AA6-D555-4823-8532-C55728AFF6F6}.Debug|Any CPU.Build.0 = Debug|Any CPU
		{BE2E4AA6-D555-4823-8532-C55728AFF6F6}.Release|Any CPU.ActiveCfg = Release|Any CPU
		{BE2E4AA6-D555-4823-8532-C55728AFF6F6}.Release|Any CPU.Build.0 = Release|Any CPU
		{034AE9D6-10EC-4A49-A6DF-F3BBFBBDBD6A}.Debug|Any CPU.ActiveCfg = Debug|Any CPU
		{034AE9D6-10EC-4A49-A6DF-F3BBFBBDBD6A}.Debug|Any CPU.Build.0 = Debug|Any CPU
		{034AE9D6-10EC-4A49-A6DF-F3BBFBBDBD6A}.Release|Any CPU.ActiveCfg = Release|Any CPU
		{034AE9D6-10EC-4A49-A6DF-F3BBFBBDBD6A}.Release|Any CPU.Build.0 = Release|Any CPU
		{6BC08D6B-A102-445B-BAF3-8F01017E68F1}.Debug|Any CPU.ActiveCfg = Debug|Any CPU
		{6BC08D6B-A102-445B-BAF3-8F01017E68F1}.Debug|Any CPU.Build.0 = Debug|Any CPU
		{6BC08D6B-A102-445B-BAF3-8F01017E68F1}.Release|Any CPU.ActiveCfg = Release|Any CPU
		{6BC08D6B-A102-445B-BAF3-8F01017E68F1}.Release|Any CPU.Build.0 = Release|Any CPU
		{4CD8AEF1-5C1F-48C3-8CBF-EF190E647259}.Debug|Any CPU.ActiveCfg = Debug|Any CPU
		{4CD8AEF1-5C1F-48C3-8CBF-EF190E647259}.Debug|Any CPU.Build.0 = Debug|Any CPU
		{4CD8AEF1-5C1F-48C3-8CBF-EF190E647259}.Release|Any CPU.ActiveCfg = Release|Any CPU
		{4CD8AEF1-5C1F-48C3-8CBF-EF190E647259}.Release|Any CPU.Build.0 = Release|Any CPU
		{1A66A192-1DE7-43E6-80FB-286DBECEFE61}.Debug|Any CPU.ActiveCfg = Debug|Any CPU
		{1A66A192-1DE7-43E6-80FB-286DBECEFE61}.Debug|Any CPU.Build.0 = Debug|Any CPU
		{1A66A192-1DE7-43E6-80FB-286DBECEFE61}.Release|Any CPU.ActiveCfg = Release|Any CPU
		{1A66A192-1DE7-43E6-80FB-286DBECEFE61}.Release|Any CPU.Build.0 = Release|Any CPU
		{B09431E4-CFDE-4CCC-964B-BFCD7B5BE63D}.Debug|Any CPU.ActiveCfg = Debug|Any CPU
		{B09431E4-CFDE-4CCC-964B-BFCD7B5BE63D}.Debug|Any CPU.Build.0 = Debug|Any CPU
		{B09431E4-CFDE-4CCC-964B-BFCD7B5BE63D}.Release|Any CPU.ActiveCfg = Release|Any CPU
		{B09431E4-CFDE-4CCC-964B-BFCD7B5BE63D}.Release|Any CPU.Build.0 = Release|Any CPU
		{46BA8CF9-CC76-418F-8597-E989AE13D6C8}.Debug|Any CPU.ActiveCfg = Debug|Any CPU
		{46BA8CF9-CC76-418F-8597-E989AE13D6C8}.Debug|Any CPU.Build.0 = Debug|Any CPU
		{46BA8CF9-CC76-418F-8597-E989AE13D6C8}.Release|Any CPU.ActiveCfg = Release|Any CPU
		{46BA8CF9-CC76-418F-8597-E989AE13D6C8}.Release|Any CPU.Build.0 = Release|Any CPU
		{CF9BB4B3-6816-4422-832D-ECE1A0594E4D}.Debug|Any CPU.ActiveCfg = Debug|Any CPU
		{CF9BB4B3-6816-4422-832D-ECE1A0594E4D}.Debug|Any CPU.Build.0 = Debug|Any CPU
		{CF9BB4B3-6816-4422-832D-ECE1A0594E4D}.Release|Any CPU.ActiveCfg = Release|Any CPU
		{CF9BB4B3-6816-4422-832D-ECE1A0594E4D}.Release|Any CPU.Build.0 = Release|Any CPU
		{64A4065C-EABB-4727-8F6F-1E7EE27118C4}.Debug|Any CPU.ActiveCfg = Debug|Any CPU
		{64A4065C-EABB-4727-8F6F-1E7EE27118C4}.Debug|Any CPU.Build.0 = Debug|Any CPU
		{64A4065C-EABB-4727-8F6F-1E7EE27118C4}.Release|Any CPU.ActiveCfg = Release|Any CPU
		{64A4065C-EABB-4727-8F6F-1E7EE27118C4}.Release|Any CPU.Build.0 = Release|Any CPU
		{A14257F3-4778-40A7-BE6C-16E650881AF2}.Debug|Any CPU.ActiveCfg = Debug|Any CPU
		{A14257F3-4778-40A7-BE6C-16E650881AF2}.Debug|Any CPU.Build.0 = Debug|Any CPU
		{A14257F3-4778-40A7-BE6C-16E650881AF2}.Release|Any CPU.ActiveCfg = Release|Any CPU
		{A14257F3-4778-40A7-BE6C-16E650881AF2}.Release|Any CPU.Build.0 = Release|Any CPU
		{77C94AED-75F3-40DB-903B-AE9917FEED7C}.Debug|Any CPU.ActiveCfg = Debug|Any CPU
		{77C94AED-75F3-40DB-903B-AE9917FEED7C}.Debug|Any CPU.Build.0 = Debug|Any CPU
		{77C94AED-75F3-40DB-903B-AE9917FEED7C}.Release|Any CPU.ActiveCfg = Release|Any CPU
		{77C94AED-75F3-40DB-903B-AE9917FEED7C}.Release|Any CPU.Build.0 = Release|Any CPU
	EndGlobalSection
	GlobalSection(SolutionProperties) = preSolution
		HideSolutionNode = FALSE
	EndGlobalSection
	GlobalSection(ExtensibilityGlobals) = postSolution
		SolutionGuid = {5DD1A77A-39BA-4147-AB19-2C3FC1006459}
	EndGlobalSection
EndGlobal
