
Microsoft Visual Studio Solution File, Format Version 12.00
# Visual Studio 15
VisualStudioVersion = 15.0.27703.2026
MinimumVisualStudioVersion = 10.0.40219.1
Project("{FAE04EC0-301F-11D3-BF4B-00C04F79EFBC}") = "DLL_HW001", "DLL_HW\DLL_HW001.csproj", "{EE930F75-8FEF-488B-91B9-EAFC4CD6FCCC}"
EndProject
Project("{FAE04EC0-301F-11D3-BF4B-00C04F79EFBC}") = "DLL_HW002_1", "DLL_HW002\DLL_HW002_1.csproj", "{3B622CF2-5915-4CAA-9419-B190F7F9007D}"
EndProject
Project("{FAE04EC0-301F-11D3-BF4B-00C04F79EFBC}") = "DLL_HW002_2", "DLL_HW002_2\DLL_HW002_2.csproj", "{251232E5-ADBE-4CEE-8874-5CB487CCD0A7}"
EndProject
Project("{FAE04EC0-301F-11D3-BF4B-00C04F79EFBC}") = "DLL_HW003", "DLL_HW003\DLL_HW003.csproj", "{D0D8DD70-B48F-4CCF-8E77-6DF5B3E1DA90}"
EndProject
Project("{FAE04EC0-301F-11D3-BF4B-00C04F79EFBC}") = "DLL_HW004", "DLL_HW004\DLL_HW004.csproj", "{84260FD5-AEBE-47FF-9777-E1BE15D88E76}"
EndProject
Project("{FAE04EC0-301F-11D3-BF4B-00C04F79EFBC}") = "DLL_HW005_1", "DLL_HW005_1\DLL_HW005_1.csproj", "{DD37D28D-FD29-4109-B86D-6B1EAF889939}"
EndProject
Project("{FAE04EC0-301F-11D3-BF4B-00C04F79EFBC}") = "DLL_HW005_2", "DLL_HW005_2\DLL_HW005_2.csproj", "{24BA4AA3-B959-4A6E-A1B5-9F59ADB72BBB}"
EndProject
Project("{FAE04EC0-301F-11D3-BF4B-00C04F79EFBC}") = "DLL_HW005_3", "DLL_HW005_3\DLL_HW005_3.csproj", "{00A26FF8-9266-4BBD-8DF1-CBBE000C9D41}"
EndProject
Project("{FAE04EC0-301F-11D3-BF4B-00C04F79EFBC}") = "DLL_HW005_4", "DLL_HW005_4\DLL_HW005_4.csproj", "{8A8A8D66-88F6-4016-BDB7-EA2A99142A35}"
EndProject
Project("{FAE04EC0-301F-11D3-BF4B-00C04F79EFBC}") = "DLL_HW006", "DLL_HW006\DLL_HW006.csproj", "{63996A6B-120D-4849-926D-9961505CF9F9}"
EndProject
Global
	GlobalSection(SolutionConfigurationPlatforms) = preSolution
		Debug|Any CPU = Debug|Any CPU
		Release|Any CPU = Release|Any CPU
	EndGlobalSection
	GlobalSection(ProjectConfigurationPlatforms) = postSolution
		{EE930F75-8FEF-488B-91B9-EAFC4CD6FCCC}.Debug|Any CPU.ActiveCfg = Debug|Any CPU
		{EE930F75-8FEF-488B-91B9-EAFC4CD6FCCC}.Debug|Any CPU.Build.0 = Debug|Any CPU
		{EE930F75-8FEF-488B-91B9-EAFC4CD6FCCC}.Release|Any CPU.ActiveCfg = Release|Any CPU
		{EE930F75-8FEF-488B-91B9-EAFC4CD6FCCC}.Release|Any CPU.Build.0 = Release|Any CPU
		{3B622CF2-5915-4CAA-9419-B190F7F9007D}.Debug|Any CPU.ActiveCfg = Debug|Any CPU
		{3B622CF2-5915-4CAA-9419-B190F7F9007D}.Debug|Any CPU.Build.0 = Debug|Any CPU
		{3B622CF2-5915-4CAA-9419-B190F7F9007D}.Release|Any CPU.ActiveCfg = Release|Any CPU
		{3B622CF2-5915-4CAA-9419-B190F7F9007D}.Release|Any CPU.Build.0 = Release|Any CPU
		{251232E5-ADBE-4CEE-8874-5CB487CCD0A7}.Debug|Any CPU.ActiveCfg = Debug|Any CPU
		{251232E5-ADBE-4CEE-8874-5CB487CCD0A7}.Debug|Any CPU.Build.0 = Debug|Any CPU
		{251232E5-ADBE-4CEE-8874-5CB487CCD0A7}.Release|Any CPU.ActiveCfg = Release|Any CPU
		{251232E5-ADBE-4CEE-8874-5CB487CCD0A7}.Release|Any CPU.Build.0 = Release|Any CPU
		{D0D8DD70-B48F-4CCF-8E77-6DF5B3E1DA90}.Debug|Any CPU.ActiveCfg = Debug|Any CPU
		{D0D8DD70-B48F-4CCF-8E77-6DF5B3E1DA90}.Debug|Any CPU.Build.0 = Debug|Any CPU
		{D0D8DD70-B48F-4CCF-8E77-6DF5B3E1DA90}.Release|Any CPU.ActiveCfg = Release|Any CPU
		{D0D8DD70-B48F-4CCF-8E77-6DF5B3E1DA90}.Release|Any CPU.Build.0 = Release|Any CPU
		{84260FD5-AEBE-47FF-9777-E1BE15D88E76}.Debug|Any CPU.ActiveCfg = Debug|Any CPU
		{84260FD5-AEBE-47FF-9777-E1BE15D88E76}.Debug|Any CPU.Build.0 = Debug|Any CPU
		{84260FD5-AEBE-47FF-9777-E1BE15D88E76}.Release|Any CPU.ActiveCfg = Release|Any CPU
		{84260FD5-AEBE-47FF-9777-E1BE15D88E76}.Release|Any CPU.Build.0 = Release|Any CPU
		{DD37D28D-FD29-4109-B86D-6B1EAF889939}.Debug|Any CPU.ActiveCfg = Debug|Any CPU
		{DD37D28D-FD29-4109-B86D-6B1EAF889939}.Debug|Any CPU.Build.0 = Debug|Any CPU
		{DD37D28D-FD29-4109-B86D-6B1EAF889939}.Release|Any CPU.ActiveCfg = Release|Any CPU
		{DD37D28D-FD29-4109-B86D-6B1EAF889939}.Release|Any CPU.Build.0 = Release|Any CPU
		{24BA4AA3-B959-4A6E-A1B5-9F59ADB72BBB}.Debug|Any CPU.ActiveCfg = Debug|Any CPU
		{24BA4AA3-B959-4A6E-A1B5-9F59ADB72BBB}.Debug|Any CPU.Build.0 = Debug|Any CPU
		{24BA4AA3-B959-4A6E-A1B5-9F59ADB72BBB}.Release|Any CPU.ActiveCfg = Release|Any CPU
		{24BA4AA3-B959-4A6E-A1B5-9F59ADB72BBB}.Release|Any CPU.Build.0 = Release|Any CPU
		{00A26FF8-9266-4BBD-8DF1-CBBE000C9D41}.Debug|Any CPU.ActiveCfg = Debug|Any CPU
		{00A26FF8-9266-4BBD-8DF1-CBBE000C9D41}.Debug|Any CPU.Build.0 = Debug|Any CPU
		{00A26FF8-9266-4BBD-8DF1-CBBE000C9D41}.Release|Any CPU.ActiveCfg = Release|Any CPU
		{00A26FF8-9266-4BBD-8DF1-CBBE000C9D41}.Release|Any CPU.Build.0 = Release|Any CPU
		{8A8A8D66-88F6-4016-BDB7-EA2A99142A35}.Debug|Any CPU.ActiveCfg = Debug|Any CPU
		{8A8A8D66-88F6-4016-BDB7-EA2A99142A35}.Debug|Any CPU.Build.0 = Debug|Any CPU
		{8A8A8D66-88F6-4016-BDB7-EA2A99142A35}.Release|Any CPU.ActiveCfg = Release|Any CPU
		{8A8A8D66-88F6-4016-BDB7-EA2A99142A35}.Release|Any CPU.Build.0 = Release|Any CPU
		{63996A6B-120D-4849-926D-9961505CF9F9}.Debug|Any CPU.ActiveCfg = Debug|Any CPU
		{63996A6B-120D-4849-926D-9961505CF9F9}.Debug|Any CPU.Build.0 = Debug|Any CPU
		{63996A6B-120D-4849-926D-9961505CF9F9}.Release|Any CPU.ActiveCfg = Release|Any CPU
		{63996A6B-120D-4849-926D-9961505CF9F9}.Release|Any CPU.Build.0 = Release|Any CPU
	EndGlobalSection
	GlobalSection(SolutionProperties) = preSolution
		HideSolutionNode = FALSE
	EndGlobalSection
	GlobalSection(ExtensibilityGlobals) = postSolution
		SolutionGuid = {B8C21DB7-01A5-4BE3-956A-785569FE1049}
	EndGlobalSection
EndGlobal
