
Microsoft Visual Studio Solution File, Format Version 12.00
# Visual Studio 15
VisualStudioVersion = 15.0.27703.2018
MinimumVisualStudioVersion = 10.0.40219.1
Project("{FAE04EC0-301F-11D3-BF4B-00C04F79EFBC}") = "ProgTasks", "ProgTasks\ProgTasks.csproj", "{3FFAD7FB-3A12-4BFF-A37B-264B0429F368}"
EndProject
Project("{FAE04EC0-301F-11D3-BF4B-00C04F79EFBC}") = "Task1", "Task1\Task1.csproj", "{0297CE84-0D53-4864-B690-E5675D597DDC}"
EndProject
Project("{FAE04EC0-301F-11D3-BF4B-00C04F79EFBC}") = "Task2", "Task2\Task2.csproj", "{03A7D658-4EB2-4930-852C-8CEB3F75EDAE}"
EndProject
Project("{FAE04EC0-301F-11D3-BF4B-00C04F79EFBC}") = "Task3", "Task3\Task3.csproj", "{FCA3E7EC-5C44-4DD8-A2CB-9623F6723209}"
EndProject
Project("{FAE04EC0-301F-11D3-BF4B-00C04F79EFBC}") = "Task4", "Task4\Task4.csproj", "{254169AB-3E64-43E6-97F4-10ED77407213}"
EndProject
Project("{FAE04EC0-301F-11D3-BF4B-00C04F79EFBC}") = "Task5", "Task5\Task5.csproj", "{C0DC9791-D8B1-4FEC-AB12-CDA0FAFEA7EE}"
EndProject
Project("{FAE04EC0-301F-11D3-BF4B-00C04F79EFBC}") = "Task6", "Task6\Task6.csproj", "{B8AF4873-F449-4029-BA27-CC94D63F76A1}"
EndProject
Project("{FAE04EC0-301F-11D3-BF4B-00C04F79EFBC}") = "Task7", "Task7\Task7.csproj", "{F69A5904-D274-4A34-A564-E10A1FAFA07C}"
EndProject
Project("{FAE04EC0-301F-11D3-BF4B-00C04F79EFBC}") = "Task8", "Task8\Task8.csproj", "{0B251002-4ADE-4019-9DFF-05BCD93E11B2}"
EndProject
Project("{FAE04EC0-301F-11D3-BF4B-00C04F79EFBC}") = "Task9", "Task9\Task9.csproj", "{CFEA9298-B349-440E-911A-B116F3162028}"
EndProject
Project("{FAE04EC0-301F-11D3-BF4B-00C04F79EFBC}") = "Task10", "Task10\Task10.csproj", "{CC59127C-281F-44AD-87DE-0D15B49E0045}"
EndProject
Project("{FAE04EC0-301F-11D3-BF4B-00C04F79EFBC}") = "Task11", "Task11\Task11.csproj", "{52B72E45-DABD-4245-B75B-EDE6323CD46A}"
EndProject
Project("{FAE04EC0-301F-11D3-BF4B-00C04F79EFBC}") = "Task12", "Task12\Task12.csproj", "{D5B4DF7C-47D8-4800-8D60-0278E8DB246A}"
EndProject
Project("{FAE04EC0-301F-11D3-BF4B-00C04F79EFBC}") = "Task13", "Task13\Task13.csproj", "{6F05E050-F9B2-436F-82B4-97D2A3F9E387}"
EndProject
Project("{FAE04EC0-301F-11D3-BF4B-00C04F79EFBC}") = "Task14", "Task14\Task14.csproj", "{2360A328-3319-4810-8E73-54180BFB55F6}"
EndProject
Project("{FAE04EC0-301F-11D3-BF4B-00C04F79EFBC}") = "Task15", "Task15\Task15.csproj", "{984555D2-5325-4BA0-B1DD-0CD9D43CCE40}"
EndProject
Project("{FAE04EC0-301F-11D3-BF4B-00C04F79EFBC}") = "Task16", "Task16\Task16.csproj", "{DB0C81C7-B279-4BC0-A75C-10A3AF8E621C}"
EndProject
Project("{FAE04EC0-301F-11D3-BF4B-00C04F79EFBC}") = "Task17", "Task17\Task17.csproj", "{FA05550E-B268-4739-A6B9-6314184E622F}"
EndProject
Project("{FAE04EC0-301F-11D3-BF4B-00C04F79EFBC}") = "Task18", "Task18\Task18.csproj", "{F965FB6D-1F7D-41FD-BA8A-DBBA213D0D96}"
EndProject
Project("{FAE04EC0-301F-11D3-BF4B-00C04F79EFBC}") = "Task19", "Task19\Task19.csproj", "{E6C9B3DE-9B31-4CE1-AE40-15732EE07DA8}"
EndProject
Global
	GlobalSection(SolutionConfigurationPlatforms) = preSolution
		Debug|Any CPU = Debug|Any CPU
		Release|Any CPU = Release|Any CPU
	EndGlobalSection
	GlobalSection(ProjectConfigurationPlatforms) = postSolution
		{3FFAD7FB-3A12-4BFF-A37B-264B0429F368}.Debug|Any CPU.ActiveCfg = Debug|Any CPU
		{3FFAD7FB-3A12-4BFF-A37B-264B0429F368}.Debug|Any CPU.Build.0 = Debug|Any CPU
		{3FFAD7FB-3A12-4BFF-A37B-264B0429F368}.Release|Any CPU.ActiveCfg = Release|Any CPU
		{3FFAD7FB-3A12-4BFF-A37B-264B0429F368}.Release|Any CPU.Build.0 = Release|Any CPU
		{0297CE84-0D53-4864-B690-E5675D597DDC}.Debug|Any CPU.ActiveCfg = Debug|Any CPU
		{0297CE84-0D53-4864-B690-E5675D597DDC}.Debug|Any CPU.Build.0 = Debug|Any CPU
		{0297CE84-0D53-4864-B690-E5675D597DDC}.Release|Any CPU.ActiveCfg = Release|Any CPU
		{0297CE84-0D53-4864-B690-E5675D597DDC}.Release|Any CPU.Build.0 = Release|Any CPU
		{03A7D658-4EB2-4930-852C-8CEB3F75EDAE}.Debug|Any CPU.ActiveCfg = Debug|Any CPU
		{03A7D658-4EB2-4930-852C-8CEB3F75EDAE}.Debug|Any CPU.Build.0 = Debug|Any CPU
		{03A7D658-4EB2-4930-852C-8CEB3F75EDAE}.Release|Any CPU.ActiveCfg = Release|Any CPU
		{03A7D658-4EB2-4930-852C-8CEB3F75EDAE}.Release|Any CPU.Build.0 = Release|Any CPU
		{FCA3E7EC-5C44-4DD8-A2CB-9623F6723209}.Debug|Any CPU.ActiveCfg = Debug|Any CPU
		{FCA3E7EC-5C44-4DD8-A2CB-9623F6723209}.Debug|Any CPU.Build.0 = Debug|Any CPU
		{FCA3E7EC-5C44-4DD8-A2CB-9623F6723209}.Release|Any CPU.ActiveCfg = Release|Any CPU
		{FCA3E7EC-5C44-4DD8-A2CB-9623F6723209}.Release|Any CPU.Build.0 = Release|Any CPU
		{254169AB-3E64-43E6-97F4-10ED77407213}.Debug|Any CPU.ActiveCfg = Debug|Any CPU
		{254169AB-3E64-43E6-97F4-10ED77407213}.Debug|Any CPU.Build.0 = Debug|Any CPU
		{254169AB-3E64-43E6-97F4-10ED77407213}.Release|Any CPU.ActiveCfg = Release|Any CPU
		{254169AB-3E64-43E6-97F4-10ED77407213}.Release|Any CPU.Build.0 = Release|Any CPU
		{C0DC9791-D8B1-4FEC-AB12-CDA0FAFEA7EE}.Debug|Any CPU.ActiveCfg = Debug|Any CPU
		{C0DC9791-D8B1-4FEC-AB12-CDA0FAFEA7EE}.Debug|Any CPU.Build.0 = Debug|Any CPU
		{C0DC9791-D8B1-4FEC-AB12-CDA0FAFEA7EE}.Release|Any CPU.ActiveCfg = Release|Any CPU
		{C0DC9791-D8B1-4FEC-AB12-CDA0FAFEA7EE}.Release|Any CPU.Build.0 = Release|Any CPU
		{B8AF4873-F449-4029-BA27-CC94D63F76A1}.Debug|Any CPU.ActiveCfg = Debug|Any CPU
		{B8AF4873-F449-4029-BA27-CC94D63F76A1}.Debug|Any CPU.Build.0 = Debug|Any CPU
		{B8AF4873-F449-4029-BA27-CC94D63F76A1}.Release|Any CPU.ActiveCfg = Release|Any CPU
		{B8AF4873-F449-4029-BA27-CC94D63F76A1}.Release|Any CPU.Build.0 = Release|Any CPU
		{F69A5904-D274-4A34-A564-E10A1FAFA07C}.Debug|Any CPU.ActiveCfg = Debug|Any CPU
		{F69A5904-D274-4A34-A564-E10A1FAFA07C}.Debug|Any CPU.Build.0 = Debug|Any CPU
		{F69A5904-D274-4A34-A564-E10A1FAFA07C}.Release|Any CPU.ActiveCfg = Release|Any CPU
		{F69A5904-D274-4A34-A564-E10A1FAFA07C}.Release|Any CPU.Build.0 = Release|Any CPU
		{0B251002-4ADE-4019-9DFF-05BCD93E11B2}.Debug|Any CPU.ActiveCfg = Debug|Any CPU
		{0B251002-4ADE-4019-9DFF-05BCD93E11B2}.Debug|Any CPU.Build.0 = Debug|Any CPU
		{0B251002-4ADE-4019-9DFF-05BCD93E11B2}.Release|Any CPU.ActiveCfg = Release|Any CPU
		{0B251002-4ADE-4019-9DFF-05BCD93E11B2}.Release|Any CPU.Build.0 = Release|Any CPU
		{CFEA9298-B349-440E-911A-B116F3162028}.Debug|Any CPU.ActiveCfg = Debug|Any CPU
		{CFEA9298-B349-440E-911A-B116F3162028}.Debug|Any CPU.Build.0 = Debug|Any CPU
		{CFEA9298-B349-440E-911A-B116F3162028}.Release|Any CPU.ActiveCfg = Release|Any CPU
		{CFEA9298-B349-440E-911A-B116F3162028}.Release|Any CPU.Build.0 = Release|Any CPU
		{CC59127C-281F-44AD-87DE-0D15B49E0045}.Debug|Any CPU.ActiveCfg = Debug|Any CPU
		{CC59127C-281F-44AD-87DE-0D15B49E0045}.Debug|Any CPU.Build.0 = Debug|Any CPU
		{CC59127C-281F-44AD-87DE-0D15B49E0045}.Release|Any CPU.ActiveCfg = Release|Any CPU
		{CC59127C-281F-44AD-87DE-0D15B49E0045}.Release|Any CPU.Build.0 = Release|Any CPU
		{52B72E45-DABD-4245-B75B-EDE6323CD46A}.Debug|Any CPU.ActiveCfg = Debug|Any CPU
		{52B72E45-DABD-4245-B75B-EDE6323CD46A}.Debug|Any CPU.Build.0 = Debug|Any CPU
		{52B72E45-DABD-4245-B75B-EDE6323CD46A}.Release|Any CPU.ActiveCfg = Release|Any CPU
		{52B72E45-DABD-4245-B75B-EDE6323CD46A}.Release|Any CPU.Build.0 = Release|Any CPU
		{D5B4DF7C-47D8-4800-8D60-0278E8DB246A}.Debug|Any CPU.ActiveCfg = Debug|Any CPU
		{D5B4DF7C-47D8-4800-8D60-0278E8DB246A}.Debug|Any CPU.Build.0 = Debug|Any CPU
		{D5B4DF7C-47D8-4800-8D60-0278E8DB246A}.Release|Any CPU.ActiveCfg = Release|Any CPU
		{D5B4DF7C-47D8-4800-8D60-0278E8DB246A}.Release|Any CPU.Build.0 = Release|Any CPU
		{6F05E050-F9B2-436F-82B4-97D2A3F9E387}.Debug|Any CPU.ActiveCfg = Debug|Any CPU
		{6F05E050-F9B2-436F-82B4-97D2A3F9E387}.Debug|Any CPU.Build.0 = Debug|Any CPU
		{6F05E050-F9B2-436F-82B4-97D2A3F9E387}.Release|Any CPU.ActiveCfg = Release|Any CPU
		{6F05E050-F9B2-436F-82B4-97D2A3F9E387}.Release|Any CPU.Build.0 = Release|Any CPU
		{2360A328-3319-4810-8E73-54180BFB55F6}.Debug|Any CPU.ActiveCfg = Debug|Any CPU
		{2360A328-3319-4810-8E73-54180BFB55F6}.Debug|Any CPU.Build.0 = Debug|Any CPU
		{2360A328-3319-4810-8E73-54180BFB55F6}.Release|Any CPU.ActiveCfg = Release|Any CPU
		{2360A328-3319-4810-8E73-54180BFB55F6}.Release|Any CPU.Build.0 = Release|Any CPU
		{984555D2-5325-4BA0-B1DD-0CD9D43CCE40}.Debug|Any CPU.ActiveCfg = Debug|Any CPU
		{984555D2-5325-4BA0-B1DD-0CD9D43CCE40}.Debug|Any CPU.Build.0 = Debug|Any CPU
		{984555D2-5325-4BA0-B1DD-0CD9D43CCE40}.Release|Any CPU.ActiveCfg = Release|Any CPU
		{984555D2-5325-4BA0-B1DD-0CD9D43CCE40}.Release|Any CPU.Build.0 = Release|Any CPU
		{DB0C81C7-B279-4BC0-A75C-10A3AF8E621C}.Debug|Any CPU.ActiveCfg = Debug|Any CPU
		{DB0C81C7-B279-4BC0-A75C-10A3AF8E621C}.Debug|Any CPU.Build.0 = Debug|Any CPU
		{DB0C81C7-B279-4BC0-A75C-10A3AF8E621C}.Release|Any CPU.ActiveCfg = Release|Any CPU
		{DB0C81C7-B279-4BC0-A75C-10A3AF8E621C}.Release|Any CPU.Build.0 = Release|Any CPU
		{FA05550E-B268-4739-A6B9-6314184E622F}.Debug|Any CPU.ActiveCfg = Debug|Any CPU
		{FA05550E-B268-4739-A6B9-6314184E622F}.Debug|Any CPU.Build.0 = Debug|Any CPU
		{FA05550E-B268-4739-A6B9-6314184E622F}.Release|Any CPU.ActiveCfg = Release|Any CPU
		{FA05550E-B268-4739-A6B9-6314184E622F}.Release|Any CPU.Build.0 = Release|Any CPU
		{F965FB6D-1F7D-41FD-BA8A-DBBA213D0D96}.Debug|Any CPU.ActiveCfg = Debug|Any CPU
		{F965FB6D-1F7D-41FD-BA8A-DBBA213D0D96}.Debug|Any CPU.Build.0 = Debug|Any CPU
		{F965FB6D-1F7D-41FD-BA8A-DBBA213D0D96}.Release|Any CPU.ActiveCfg = Release|Any CPU
		{F965FB6D-1F7D-41FD-BA8A-DBBA213D0D96}.Release|Any CPU.Build.0 = Release|Any CPU
		{E6C9B3DE-9B31-4CE1-AE40-15732EE07DA8}.Debug|Any CPU.ActiveCfg = Debug|Any CPU
		{E6C9B3DE-9B31-4CE1-AE40-15732EE07DA8}.Debug|Any CPU.Build.0 = Debug|Any CPU
		{E6C9B3DE-9B31-4CE1-AE40-15732EE07DA8}.Release|Any CPU.ActiveCfg = Release|Any CPU
		{E6C9B3DE-9B31-4CE1-AE40-15732EE07DA8}.Release|Any CPU.Build.0 = Release|Any CPU
	EndGlobalSection
	GlobalSection(SolutionProperties) = preSolution
		HideSolutionNode = FALSE
	EndGlobalSection
	GlobalSection(ExtensibilityGlobals) = postSolution
		SolutionGuid = {5728FC54-B417-46B5-ADB7-93B5192F0E24}
	EndGlobalSection
EndGlobal
